{
  "name": "zoneslider",
  "version": "0.0.0",
  "lockfileVersion": 1,
  "requires": true,
  "dependencies": {
    "Base64": {
      "version": "0.2.1",
      "resolved": "https://registry.npmjs.org/Base64/-/Base64-0.2.1.tgz",
      "integrity": "sha512-reGEWshDmTDQDsCec/HduOO9Wyj6yMOupMfhIf3ugN1TDlK2NQW4DDJSqNNtp380SNcvRfXtO8HSCQot0d0SMw=="
    },
    "JSONStream": {
      "version": "0.7.4",
      "resolved": "https://registry.npmjs.org/JSONStream/-/JSONStream-0.7.4.tgz",
      "integrity": "sha512-hVgF0Ox1AtvxJmpwzb2dOEUz2ms1J8DZVbqKUSIGSyPBPy0MuxCJsQxj8y5dadTzsjI+T4TpyyhXORPdz15m9w==",
      "requires": {
        "jsonparse": "0.0.5",
        "through": ">=2.2.7 <3"
      }
    },
    "acorn": {
      "version": "4.0.13",
      "resolved": "https://registry.npmjs.org/acorn/-/acorn-4.0.13.tgz",
      "integrity": "sha512-fu2ygVGuMmlzG8ZeRJ0bvR41nsAkxxhbyk8bZ1SS521Z7vmgJFTQQlfz/Mp/nJexGBz+v8sC9bM6+lNgskt4Ug=="
    },
    "amdefine": {
      "version": "1.0.1",
      "resolved": "https://registry.npmjs.org/amdefine/-/amdefine-1.0.1.tgz",
      "integrity": "sha512-S2Hw0TtNkMJhIabBwIojKL9YHO5T0n5eNqWJ7Lrlel/zDbftQpxpapi8tZs3X1HWa+u+QeydGmzzNU0m09+Rcg=="
    },
    "assert": {
      "version": "1.1.2",
      "resolved": "https://registry.npmjs.org/assert/-/assert-1.1.2.tgz",
      "integrity": "sha512-pSLN/C6u6JFR8L+0TzQ0Elc+VboxUXFtNw11RI1UcTcHEktQqIKIKK5S4nAZX4j8mpTpnCtmqpR+thPfqT11Kg==",
      "requires": {
        "util": "0.10.3"
      },
      "dependencies": {
        "inherits": {
          "version": "2.0.1",
          "resolved": "https://registry.npmjs.org/inherits/-/inherits-2.0.1.tgz",
          "integrity": "sha512-8nWq2nLTAwd02jTqJExUYFSD/fKq6VH9Y/oG2accc/kdI0V98Bag8d5a4gi3XHz73rDWa2PvTtvcWYquKqSENA=="
        },
        "util": {
          "version": "0.10.3",
          "resolved": "https://registry.npmjs.org/util/-/util-0.10.3.tgz",
          "integrity": "sha512-5KiHfsmkqacuKjkRkdV7SsfDJ2EGiPsK92s2MhNSY0craxjTdKTtqKsJaCWp4LW33ZZ0OPUv1WO/TFvNQRiQxQ==",
          "requires": {
            "inherits": "2.0.1"
          }
        }
      }
    },
    "astw": {
      "version": "2.2.0",
      "resolved": "https://registry.npmjs.org/astw/-/astw-2.2.0.tgz",
      "integrity": "sha512-E/4z//dvN0lfr8zAx8hXeQ8o3nRoQaL/wqI7fAALEvh/40mnyUxfFB9MwyDHYKVDtS3cp3Pow5s96djZR5lkWw==",
      "requires": {
        "acorn": "^4.0.3"
      }
    },
    "async": {
      "version": "0.2.10",
      "resolved": "https://registry.npmjs.org/async/-/async-0.2.10.tgz",
      "integrity": "sha512-eAkdoKxU6/LkKDBzLpT+t6Ff5EtfSF4wx1WfJiPEEV7WNLnDaRXk0oVysiEPm262roaachGexwUv94WhSgN5TQ=="
    },
    "base64-js": {
      "version": "0.0.8",
      "resolved": "https://registry.npmjs.org/base64-js/-/base64-js-0.0.8.tgz",
      "integrity": "sha512-3XSA2cR/h/73EzlXXdU6YNycmYI7+kicTxks4eJg2g39biHR84slg2+des+p7iHYhbRg/udIS4TD53WabcOUkw=="
    },
    "browser-pack": {
      "version": "2.0.1",
      "resolved": "https://registry.npmjs.org/browser-pack/-/browser-pack-2.0.1.tgz",
      "integrity": "sha512-wa2mYzXIk+0MC5N8xDA3sFUiyJx3GyK2ry1fyMSW2ON4XHDUz+YJTYSLAXFrSl6k/JDbfNBwaG8kuELQghAQRQ==",
      "requires": {
        "JSONStream": "~0.6.4",
        "combine-source-map": "~0.3.0",
        "through": "~2.3.4"
      },
      "dependencies": {
        "JSONStream": {
          "version": "0.6.4",
          "resolved": "https://registry.npmjs.org/JSONStream/-/JSONStream-0.6.4.tgz",
          "integrity": "sha512-ER8YVJ+Xk4a1g+d8Xq9RFe2rjsUHV9eSRqfwe9DS5J5ga8bKWx4FwXZNWXpGDYchuOfqf4NFmDlwuloqHIj/5A==",
          "requires": {
            "jsonparse": "0.0.5",
            "through": "~2.2.7"
          },
          "dependencies": {
            "through": {
              "version": "2.2.7",
              "resolved": "https://registry.npmjs.org/through/-/through-2.2.7.tgz",
              "integrity": "sha512-JIR0m0ybkmTcR8URann+HbwKmodP+OE8UCbsifQDYMLD5J3em1Cdn3MYPpbEd5elGDwmP98T+WbqP/tvzA5Mjg=="
            }
          }
        }
      }
    },
    "browser-resolve": {
      "version": "1.2.4",
      "resolved": "https://registry.npmjs.org/browser-resolve/-/browser-resolve-1.2.4.tgz",
      "integrity": "sha512-z8CRZZEv/MVAuJ9u9/LwzAcGswFtWbdAHh8f8ZkHgThUb88rBZbpwoxYZaQnmbAxvCoOA1gFIONrspStOhldkg==",
      "requires": {
        "resolve": "0.6.3"
      }
    },
    "browserify": {
      "version": "3.41.0",
      "resolved": "https://registry.npmjs.org/browserify/-/browserify-3.41.0.tgz",
      "integrity": "sha512-B81WSnvBpIxegythiR6kJ5pNTcZCaGlXRTa7wWEc/awukrN6+TU6nUXVq8UP+vGNgEJj+kXBgsP6FcKk1qG+gQ==",
      "requires": {
        "JSONStream": "~0.7.1",
        "assert": "~1.1.0",
        "browser-pack": "~2.0.0",
        "browser-resolve": "~1.2.1",
        "browserify-zlib": "~0.1.2",
        "buffer": "~2.1.4",
        "builtins": "~0.0.3",
        "commondir": "0.0.1",
        "concat-stream": "~1.4.1",
        "console-browserify": "~1.0.1",
        "constants-browserify": "~0.0.1",
        "crypto-browserify": "~1.0.9",
        "deep-equal": "~0.1.0",
        "defined": "~0.0.0",
        "deps-sort": "~0.1.1",
        "derequire": "~0.8.0",
        "domain-browser": "~1.1.0",
        "duplexer": "~0.1.1",
        "events": "~1.0.0",
        "glob": "~3.2.8",
        "http-browserify": "~1.3.1",
        "https-browserify": "~0.0.0",
        "inherits": "~2.0.1",
        "insert-module-globals": "~5.0.1",
        "module-deps": "~1.9.0",
        "os-browserify": "~0.1.1",
        "parents": "~0.0.1",
        "path-browserify": "~0.0.0",
        "punycode": "~1.2.3",
        "querystring-es3": "0.2.0",
        "resolve": "~0.6.1",
        "shallow-copy": "0.0.1",
        "shell-quote": "~0.0.1",
        "stream-browserify": "~0.1.0",
        "stream-combiner": "~0.0.2",
        "string_decoder": "~0.0.0",
        "subarg": "0.0.1",
        "syntax-error": "~1.1.0",
        "through2": "~0.4.1",
        "timers-browserify": "~1.0.1",
        "tty-browserify": "~0.0.0",
        "umd": "~2.0.0",
        "url": "~0.7.9",
        "util": "~0.10.1",
        "vm-browserify": "~0.0.1"
      }
    },
    "browserify-zlib": {
      "version": "0.1.4",
      "resolved": "https://registry.npmjs.org/browserify-zlib/-/browserify-zlib-0.1.4.tgz",
      "integrity": "sha512-19OEpq7vWgsH6WkvkBJQDFvJS1uPcbFOQ4v9CU839dO+ZZXUZO6XpE6hNCqvlIIj+4fZvRiJ6DsAQ382GwiyTQ==",
      "requires": {
        "pako": "~0.2.0"
      }
    },
    "buffer": {
      "version": "2.1.13",
      "resolved": "https://registry.npmjs.org/buffer/-/buffer-2.1.13.tgz",
      "integrity": "sha512-MBwiv6k5+FIvbBMZSCn8ol6hzf//muWr8CuIFEZK3KhSQbClDcm99ayh9mEuZXcOTE9Y3J6wC+iOQyVbpMFmEQ==",
      "requires": {
        "base64-js": "~0.0.4",
        "ieee754": "~1.1.1"
      }
    },
    "builtins": {
      "version": "0.0.7",
      "resolved": "https://registry.npmjs.org/builtins/-/builtins-0.0.7.tgz",
      "integrity": "sha512-T8uCGKc0/2aLVt6omt8JxDRBoWEMkku+wFesxnhxnt4NygVZG99zqxo7ciK8eebszceKamGoUiLdkXCgGQyrQw=="
    },
    "callsite": {
      "version": "1.0.0",
      "resolved": "https://registry.npmjs.org/callsite/-/callsite-1.0.0.tgz",
      "integrity": "sha512-0vdNRFXn5q+dtOqjfFtmtlI9N2eVZ7LMyEV2iKC5mEEFvSg/69Ml6b/WU2qF8W1nLRa0wiSrDT3Y5jOHZCwKPQ=="
    },
    "camelcase": {
      "version": "1.2.1",
      "resolved": "https://registry.npmjs.org/camelcase/-/camelcase-1.2.1.tgz",
      "integrity": "sha512-wzLkDa4K/mzI1OSITC+DUyjgIl/ETNHE9QvYgy6J6Jvqyyz4C0Xfd+lQhb19sX2jMpZV4IssUn0VDVmglV+s4g=="
    },
    "combine-source-map": {
      "version": "0.3.0",
      "resolved": "https://registry.npmjs.org/combine-source-map/-/combine-source-map-0.3.0.tgz",
      "integrity": "sha512-HRKa6g9SC1xd6ifto8ay6SxvyHaaQ50/8NO1ZONXx2hsIF9t/52qXa7Eeivaf5KFOSowK7Nm8TkIL/VC4khdBA==",
      "requires": {
        "convert-source-map": "~0.3.0",
        "inline-source-map": "~0.3.0",
        "source-map": "~0.1.31"
      }
    },
    "commondir": {
      "version": "0.0.1",
      "resolved": "https://registry.npmjs.org/commondir/-/commondir-0.0.1.tgz",
      "integrity": "sha512-Ghe1LmLv3G3c0XJYu+c88MCRIPqWQ67qaqKY1KvuN4uPAjfUj+y4hvcpZ2kCPrjpRNyklW4dpAZZ8a7vOh50tg=="
    },
    "concat-stream": {
      "version": "1.4.11",
      "resolved": "https://registry.npmjs.org/concat-stream/-/concat-stream-1.4.11.tgz",
      "integrity": "sha512-X3JMh8+4je3U1cQpG87+f9lXHDrqcb2MVLg9L7o8b1UZ0DzhRrUpdn65ttzu10PpJPPI3MQNkis+oha6TSA9Mw==",
      "requires": {
        "inherits": "~2.0.1",
        "readable-stream": "~1.1.9",
        "typedarray": "~0.0.5"
      }
    },
    "console-browserify": {
      "version": "1.0.3",
      "resolved": "https://registry.npmjs.org/console-browserify/-/console-browserify-1.0.3.tgz",
      "integrity": "sha512-mIy/TXtcNHCzckiUr4f8m9MSQkG2rjvtI7QAK5vM7VdSlCjZqsoYUkcx9NaLEFuKBYJqd5+hLKj/YCo33heXOQ=="
    },
    "constants-browserify": {
      "version": "0.0.1",
      "resolved": "https://registry.npmjs.org/constants-browserify/-/constants-browserify-0.0.1.tgz",
      "integrity": "sha512-FL+diDS9AKR5BAA2M+GNk8lnH64tRE3zepTG9hucxc7o04LgCRhkQZhF7u/OKHZT8LLRT+sZEi9qFzXUchq9pA=="
    },
    "convert-source-map": {
      "version": "0.3.5",
      "resolved": "https://registry.npmjs.org/convert-source-map/-/convert-source-map-0.3.5.tgz",
      "integrity": "sha512-+4nRk0k3oEpwUB7/CalD7xE2z4VmtEnnq0GO2IPTkrooTrAhEsWvuLF5iWP1dXrwluki/azwXV1ve7gtYuPldg=="
    },
    "core-util-is": {
      "version": "1.0.3",
      "resolved": "https://registry.npmjs.org/core-util-is/-/core-util-is-1.0.3.tgz",
      "integrity": "sha512-ZQBvi1DcpJ4GDqanjucZ2Hj3wEO5pZDS89BWbkcrvdxksJorwUDDZamX9ldFkp9aw2lmBDLgkObEA4DWNJ9FYQ=="
    },
    "crypto-browserify": {
      "version": "1.0.9",
      "resolved": "https://registry.npmjs.org/crypto-browserify/-/crypto-browserify-1.0.9.tgz",
      "integrity": "sha512-fWmkaZPmccreTmANMdpvI0UrF34pzTAZDLKDcF0n5ThwpyeAs+DtSVxyhrZc6kHFiOFdyzjW5uZ8jAWE3kNY6A=="
    },
    "decamelize": {
      "version": "1.2.0",
      "resolved": "https://registry.npmjs.org/decamelize/-/decamelize-1.2.0.tgz",
      "integrity": "sha512-z2S+W9X73hAUUki+N+9Za2lBlun89zigOyGrsax+KUQ6wKW4ZoWpEYBkGhQjwAjjDCkWxhY0VKEhk8wzY7F5cA=="
    },
    "deep-equal": {
      "version": "0.1.2",
      "resolved": "https://registry.npmjs.org/deep-equal/-/deep-equal-0.1.2.tgz",
      "integrity": "sha512-rUCt39nKM7s6qUyYgp/reJmtXjgkOS/JbLO24DioMZaBNkD3b7C7cD3zJjSyjclEElNTpetAIRD6fMIbBIbX1Q=="
    },
    "defined": {
      "version": "0.0.0",
      "resolved": "https://registry.npmjs.org/defined/-/defined-0.0.0.tgz",
      "integrity": "sha512-zpqiCT8bODLu3QSmLLic8xJnYWBFjOSu/fBCm189oAiTtPq/PSanNACKZDS7kgSyCJY7P+IcODzlIogBK/9RBg=="
    },
    "deps-sort": {
      "version": "0.1.2",
      "resolved": "https://registry.npmjs.org/deps-sort/-/deps-sort-0.1.2.tgz",
      "integrity": "sha512-bF5sJp2YeGQAx+vI3KBQwn6wHHyuCcsrPS0qvqnNLgGF1NrjhdvopP3exfdLLKaFtS6V5K/CMjQLtzR7C3Wa6A==",
      "requires": {
        "JSONStream": "~0.6.4",
        "minimist": "~0.0.1",
        "through": "~2.3.4"
      },
      "dependencies": {
        "JSONStream": {
          "version": "0.6.4",
          "resolved": "https://registry.npmjs.org/JSONStream/-/JSONStream-0.6.4.tgz",
          "integrity": "sha512-ER8YVJ+Xk4a1g+d8Xq9RFe2rjsUHV9eSRqfwe9DS5J5ga8bKWx4FwXZNWXpGDYchuOfqf4NFmDlwuloqHIj/5A==",
          "requires": {
            "jsonparse": "0.0.5",
            "through": "~2.2.7"
          },
          "dependencies": {
            "through": {
              "version": "2.2.7",
              "resolved": "https://registry.npmjs.org/through/-/through-2.2.7.tgz",
              "integrity": "sha512-JIR0m0ybkmTcR8URann+HbwKmodP+OE8UCbsifQDYMLD5J3em1Cdn3MYPpbEd5elGDwmP98T+WbqP/tvzA5Mjg=="
            }
          }
        }
      }
    },
    "derequire": {
      "version": "0.8.0",
      "resolved": "https://registry.npmjs.org/derequire/-/derequire-0.8.0.tgz",
      "integrity": "sha512-luNtMBeScoqdoYW+Je4ROWJZjF6TLiNtbuqC/NAvBgXMn/s5SF4AUws9/NOoDnTLu/qg5c9oNZBfwzzQftkyOw==",
      "requires": {
        "esprima-fb": "^3001.1.0-dev-harmony-fb",
        "esrefactor": "~0.1.0",
        "estraverse": "~1.5.0"
      }
    },
    "detective": {
      "version": "3.1.0",
      "resolved": "https://registry.npmjs.org/detective/-/detective-3.1.0.tgz",
      "integrity": "sha512-BIvQHuiVSRMufK1OnlpeAzVqF2yXD75ZzYIx8XV4VQiJ48chF/MMYAdsz/NkulhZznwb4fAX8vyi5CUc24I2BA==",
      "requires": {
        "escodegen": "~1.1.0",
        "esprima-fb": "3001.1.0-dev-harmony-fb"
      }
    },
    "domain-browser": {
      "version": "1.1.7",
      "resolved": "https://registry.npmjs.org/domain-browser/-/domain-browser-1.1.7.tgz",
      "integrity": "sha512-fJ5MoHxe69h3E4/lJtFRhcWwLb04bhIBSfvCEMS1YDH+/9yEZTqBHTSTgch8nCP5tE5k2gdQEjodUqJzy7qJ9Q=="
    },
    "duplexer": {
      "version": "0.1.2",
      "resolved": "https://registry.npmjs.org/duplexer/-/duplexer-0.1.2.tgz",
      "integrity": "sha512-jtD6YG370ZCIi/9GTaJKQxWTZD045+4R4hTk/x1UyoqadyJ9x9CgSi1RlVDQF8U2sxLLSnFkCaMihqljHIWgMg=="
    },
    "escodegen": {
      "version": "1.1.0",
      "resolved": "https://registry.npmjs.org/escodegen/-/escodegen-1.1.0.tgz",
      "integrity": "sha512-md+WjA8K+DJELEYe0n4XAOE0XbUYfw2rzb8T+nhZ19OnQxlh+0jMLS6d+z2oqWugIh3uYKu1+KJh6QKeoogLzg==",
      "requires": {
        "esprima": "~1.0.4",
        "estraverse": "~1.5.0",
        "esutils": "~1.0.0",
        "source-map": "~0.1.30"
      },
      "dependencies": {
        "esprima": {
          "version": "1.0.4",
          "resolved": "https://registry.npmjs.org/esprima/-/esprima-1.0.4.tgz",
          "integrity": "sha512-rp5dMKN8zEs9dfi9g0X1ClLmV//WRyk/R15mppFNICIFRG5P92VP7Z04p8pk++gABo9W2tY+kHyu6P1mEHgmTA=="
        }
      }
    },
    "escope": {
      "version": "0.0.16",
      "resolved": "https://registry.npmjs.org/escope/-/escope-0.0.16.tgz",
      "integrity": "sha512-3nipzlX/noBWi/vvQSLvifQ4lKalvX570eAVgrbK0TD0Cwlbh3EQ3OpcongoFaD7IeWIaQKsRS16Bt2epx71TQ==",
      "requires": {
        "estraverse": ">= 0.0.2"
      }
    },
    "esprima-fb": {
      "version": "3001.1.0-dev-harmony-fb",
      "resolved": "https://registry.npmjs.org/esprima-fb/-/esprima-fb-3001.0001.0000-dev-harmony-fb.tgz",
      "integrity": "sha512-a3RFiCVBiy8KdO6q/C+8BQiP/sRk8XshBU3QHHDP8tNzjYwR3FKBOImu+PXfVhPoZL0JKtJLBAOWlDMCCFY8SQ=="
    },
    "esrefactor": {
      "version": "0.1.0",
      "resolved": "https://registry.npmjs.org/esrefactor/-/esrefactor-0.1.0.tgz",
      "integrity": "sha512-QxD1acYl9jmkDI+0xnPcwjhrwiKvfaaAZV5cVXX5uXTSp9uJ7xddqXOfnNPzWP1JoorLwj7OWF+RQOLKh7Vnjw==",
      "requires": {
        "escope": "~0.0.13",
        "esprima": "~1.0.2",
        "estraverse": "~0.0.4"
      },
      "dependencies": {
        "esprima": {
          "version": "1.0.4",
          "resolved": "https://registry.npmjs.org/esprima/-/esprima-1.0.4.tgz",
          "integrity": "sha512-rp5dMKN8zEs9dfi9g0X1ClLmV//WRyk/R15mppFNICIFRG5P92VP7Z04p8pk++gABo9W2tY+kHyu6P1mEHgmTA=="
        },
        "estraverse": {
          "version": "0.0.4",
          "resolved": "https://registry.npmjs.org/estraverse/-/estraverse-0.0.4.tgz",
          "integrity": "sha512-21DfBCsFJGb3HZr0vEBH1Wk1tGSbbzA8I/xtSSoy/pRtupHv0OgBmObcNGXM3ec6/pOXTOOUYY9/5bfluzz0sw=="
        }
      }
    },
    "estraverse": {
      "version": "1.5.1",
      "resolved": "https://registry.npmjs.org/estraverse/-/estraverse-1.5.1.tgz",
      "integrity": "sha512-FpCjJDfmo3vsc/1zKSeqR5k42tcIhxFIlvq+h9j0fO2q/h2uLKyweq7rYJ+0CoVvrGQOxIS5wyBrW/+vF58BUQ=="
    },
    "esutils": {
      "version": "1.0.0",
      "resolved": "https://registry.npmjs.org/esutils/-/esutils-1.0.0.tgz",
      "integrity": "sha512-x/iYH53X3quDwfHRz4y8rn4XcEwwCJeWsul9pF1zldMbGtgOtMNBEOuYWwB1EQlK2LRa1fev3YAgym/RElp5Cg=="
    },
    "events": {
      "version": "1.0.2",
      "resolved": "https://registry.npmjs.org/events/-/events-1.0.2.tgz",
      "integrity": "sha512-XK19KwlDJo8XsceooxNDK1pObtcT44+Xte6V/jQc4a+fHq1qEouThyyX2ePmS0hS8RcCulmRxzg+T8jiLKAFFQ=="
    },
    "glob": {
      "version": "3.2.11",
      "resolved": "https://registry.npmjs.org/glob/-/glob-3.2.11.tgz",
      "integrity": "sha512-hVb0zwEZwC1FXSKRPFTeOtN7AArJcJlI6ULGLtrstaswKNlrTJqAA+1lYlSUop4vjA423xlBzqfVS3iWGlqJ+g==",
      "requires": {
        "inherits": "2",
        "minimatch": "0.3"
      }
    },
    "http-browserify": {
      "version": "1.3.2",
      "resolved": "https://registry.npmjs.org/http-browserify/-/http-browserify-1.3.2.tgz",
      "integrity": "sha512-RVXRJV5BchDT1obHNo0lCrso0hL56fpjDGknM8Z5OWvZQysZY7pHM5shsmnKyTLLdKNou6sJ1p5a7zo/BLF95g==",
      "requires": {
        "Base64": "~0.2.0",
        "inherits": "~2.0.1"
      }
    },
    "https-browserify": {
      "version": "0.0.1",
      "resolved": "https://registry.npmjs.org/https-browserify/-/https-browserify-0.0.1.tgz",
      "integrity": "sha512-EjDQFbgJr1vDD/175UJeSX3ncQ3+RUnCL5NkthQGHvF4VNHlzTy8ifJfTqz47qiPRqaFH58+CbuG3x51WuB1XQ=="
    },
    "ieee754": {
      "version": "1.1.13",
      "resolved": "https://registry.npmjs.org/ieee754/-/ieee754-1.1.13.tgz",
      "integrity": "sha512-4vf7I2LYV/HaWerSo3XmlMkp5eZ83i+/CDluXi/IGTs/O1sejBNhTtnxzmRZfvOUqj7lZjqHkeTvpgSFDlWZTg=="
    },
    "indexof": {
      "version": "0.0.1",
      "resolved": "https://registry.npmjs.org/indexof/-/indexof-0.0.1.tgz",
      "integrity": "sha512-i0G7hLJ1z0DE8dsqJa2rycj9dBmNKgXBvotXtZYXakU9oivfB9Uj2ZBC27qqef2U58/ZLwalxa1X/RDCdkHtVg=="
    },
    "inherits": {
      "version": "2.0.4",
      "resolved": "https://registry.npmjs.org/inherits/-/inherits-2.0.4.tgz",
      "integrity": "sha512-k/vGaX4/Yla3WzyMCvTQOXYeIHvqOKtnqBduzTHpzpQZzAskKMhZ2K+EnBiSM9zGSoIFeMpXKxa4dYeZIQqewQ=="
    },
    "inline-source-map": {
      "version": "0.3.1",
      "resolved": "https://registry.npmjs.org/inline-source-map/-/inline-source-map-0.3.1.tgz",
      "integrity": "sha512-RNlldBXZ7BBcVm3HjXIXiwKxih1lnuKbzeLBRDSB/qaqk8/g4JEZBjxpBQMhqEthQyGv7ycu8r/8PKGgBdIqrA==",
      "requires": {
        "source-map": "~0.3.0"
      },
      "dependencies": {
        "source-map": {
          "version": "0.3.0",
          "resolved": "https://registry.npmjs.org/source-map/-/source-map-0.3.0.tgz",
          "integrity": "sha512-jz8leTIGS8+qJywWiO9mKza0hJxexdeIYXhDHw9avTQcXSNAGk3hiiRMpmI2Qf9dOrZDrDpgH9VNefzuacWC9A==",
          "requires": {
            "amdefine": ">=0.0.4"
          }
        }
      }
    },
    "insert-module-globals": {
      "version": "5.0.1",
      "resolved": "https://registry.npmjs.org/insert-module-globals/-/insert-module-globals-5.0.1.tgz",
      "integrity": "sha512-Dj3uSvrYFyrQMtKxKvrdW4NTdlktrL1jc8DLMoFCorXLc6PzjusjfQazA3jnGoIwIcmaAf1vZcUhigXNGG8eYA==",
      "requires": {
        "JSONStream": "~0.7.1",
        "concat-stream": "~1.4.1",
        "lexical-scope": "~1.1.0",
        "process": "~0.6.0",
        "through": "~2.3.4"
      }
    },
    "isarray": {
      "version": "0.0.1",
      "resolved": "https://registry.npmjs.org/isarray/-/isarray-0.0.1.tgz",
      "integrity": "sha512-D2S+3GLxWH+uhrNEcoh/fnmYeP8E8/zHl644d/jdA0g2uyXvy3sb0qxotE+ne0LtccHknQzWwZEzhak7oJ0COQ=="
    },
    "jsonparse": {
      "version": "0.0.5",
      "resolved": "https://registry.npmjs.org/jsonparse/-/jsonparse-0.0.5.tgz",
      "integrity": "sha512-fw7Q/8gFR8iSekUi9I+HqWIap6mywuoe7hQIg3buTVjuZgALKj4HAmm0X6f+TaL4c9NJbvyFQdaI2ppr5p6dnQ=="
    },
    "lexical-scope": {
      "version": "1.1.1",
      "resolved": "https://registry.npmjs.org/lexical-scope/-/lexical-scope-1.1.1.tgz",
      "integrity": "sha512-g7yj6l+qIPeVUruqnF1WQ7D4naBvMMY5+1a4B8l7AbJVHGb93AdEB7nk9uVciwFo+Y+SxKW1ZmEXjTuuZEiyYQ==",
      "requires": {
        "astw": "^2.0.0"
      }
    },
    "lru-cache": {
      "version": "2.7.3",
      "resolved": "https://registry.npmjs.org/lru-cache/-/lru-cache-2.7.3.tgz",
      "integrity": "sha512-WpibWJ60c3AgAz8a2iYErDrcT2C7OmKnsWhIcHOjkUHFjkXncJhtLxNSqUmxRxRunpb5I8Vprd7aNSd2NtksJQ=="
    },
    "minimatch": {
      "version": "0.3.0",
      "resolved": "https://registry.npmjs.org/minimatch/-/minimatch-0.3.0.tgz",
      "integrity": "sha512-WFX1jI1AaxNTZVOHLBVazwTWKaQjoykSzCBNXB72vDTCzopQGtyP91tKdFK5cv1+qMwPyiTu1HqUriqplI8pcA==",
      "requires": {
        "lru-cache": "2",
        "sigmund": "~1.0.0"
      }
    },
    "minimist": {
      "version": "0.0.10",
      "resolved": "https://registry.npmjs.org/minimist/-/minimist-0.0.10.tgz",
      "integrity": "sha512-iotkTvxc+TwOm5Ieim8VnSNvCDjCK9S8G3scJ50ZthspSxa7jx50jkhYduuAtAjvfDUwSgOwf8+If99AlOEhyw=="
    },
    "module-deps": {
      "version": "1.9.0",
      "resolved": "https://registry.npmjs.org/module-deps/-/module-deps-1.9.0.tgz",
      "integrity": "sha512-8RTevFsmY/HIkjoGaz1jEhjznCygBEaFadWWBqMbP+Qg+X/wJccg7YTbk6y5Qr+QtovxK85w5V0q4LzE4uY4wA==",
      "requires": {
        "JSONStream": "~0.7.1",
        "browser-resolve": "~1.2.2",
        "concat-stream": "~1.4.1",
        "detective": "~3.1.0",
        "minimist": "~0.0.5",
        "parents": "0.0.2",
        "resolve": "~0.6.0",
        "through": "~2.3.4"
      },
      "dependencies": {
        "parents": {
          "version": "0.0.2",
          "resolved": "https://registry.npmjs.org/parents/-/parents-0.0.2.tgz",
          "integrity": "sha512-yrIRMwRkp5H3d6X9f8Pohz4wtiHnn+KTccwE5kj0Q4Tx1i3FIeZCY7avrxVPcDt6Bm+8Mv0Me6yPLbhB+QNGOg=="
        }
      }
    },
    "object-keys": {
      "version": "0.4.0",
      "resolved": "https://registry.npmjs.org/object-keys/-/object-keys-0.4.0.tgz",
      "integrity": "sha512-ncrLw+X55z7bkl5PnUvHwFK9FcGuFYo9gtjws2XtSzL+aZ8tm830P60WJ0dSmFVaSalWieW5MD7kEdnXda9yJw=="
    },
    "optimist": {
      "version": "0.3.7",
      "resolved": "https://registry.npmjs.org/optimist/-/optimist-0.3.7.tgz",
      "integrity": "sha512-TCx0dXQzVtSCg2OgY/bO9hjM9cV4XYx09TVK+s3+FhkjT6LovsLe+pPMzpWf+6yXK/hUizs2gUoTw3jHM0VaTQ==",
      "requires": {
        "wordwrap": "~0.0.2"
      }
    },
    "os-browserify": {
      "version": "0.1.2",
      "resolved": "https://registry.npmjs.org/os-browserify/-/os-browserify-0.1.2.tgz",
      "integrity": "sha512-aZicJZccvxWOZ0Bja2eAch2L8RIJWBuRYmM8Gwl/JjNtRltH0Itcz4eH/ESyuIWfse8cc93ZCf0XrzhXK2HEDA=="
    },
    "pako": {
      "version": "0.2.9",
      "resolved": "https://registry.npmjs.org/pako/-/pako-0.2.9.tgz",
      "integrity": "sha512-NUcwaKxUxWrZLpDG+z/xZaCgQITkA/Dv4V/T6bw7VON6l1Xz/VnrBqrYjZQ12TamKHzITTfOEIYUj48y2KXImA=="
    },
    "parents": {
      "version": "0.0.3",
      "resolved": "https://registry.npmjs.org/parents/-/parents-0.0.3.tgz",
      "integrity": "sha512-ASkdjFPS2nrxujzSBZGt8ZCKeG0/K2ZZVKveqXt7XGtXfu+ssnk4DQhnK91KRvt83f36LjfxOfwi0cv1+Re0eA==",
      "requires": {
        "path-platform": "^0.0.1"
      }
    },
    "path-browserify": {
      "version": "0.0.1",
      "resolved": "https://registry.npmjs.org/path-browserify/-/path-browserify-0.0.1.tgz",
      "integrity": "sha512-BapA40NHICOS+USX9SN4tyhq+A2RrN/Ws5F0Z5aMHDp98Fl86lX8Oti8B7uN93L4Ifv4fHOEA+pQw87gmMO/lQ=="
    },
    "path-platform": {
      "version": "0.0.1",
      "resolved": "https://registry.npmjs.org/path-platform/-/path-platform-0.0.1.tgz",
      "integrity": "sha512-ydK1VKZFYwy0mT2JvimJfxt5z6Z6sjBbLfsFMoJczbwZ/ul0AjgpXLHinUzclf4/XYC8mtsWGuFERZ95Rnm8wA=="
    },
    "process": {
      "version": "0.6.0",
      "resolved": "https://registry.npmjs.org/process/-/process-0.6.0.tgz",
      "integrity": "sha512-wKdRDRIisD/dfTBK678QFFEwi1oI5Q8U4JCu4lJSRZn7QlTilsXXlE/JytTY5xA8bAIADkwXaU8Vt6zE8ClzVw=="
    },
    "punycode": {
      "version": "1.2.4",
      "resolved": "https://registry.npmjs.org/punycode/-/punycode-1.2.4.tgz",
      "integrity": "sha512-h/vscxLPvI2l7k/0dFUKZ5I5TgMCJ/Pl+J6rw77PDuQM6UApf/GaRVkjv/YSm2k+fbp7Yw8dxsoe29DolT7h7w=="
    },
    "querystring": {
      "version": "0.1.0",
      "resolved": "https://registry.npmjs.org/querystring/-/querystring-0.1.0.tgz",
      "integrity": "sha512-jAwJUHTAPN45LgnX6e4Hzvrk1sh/jwnQMzIT7GR21BuXUSA0FP26n5pGLUjJ6sdiVoRT4Qez13BeB6CYyAnPfQ=="
    },
    "querystring-es3": {
      "version": "0.2.0",
      "resolved": "https://registry.npmjs.org/querystring-es3/-/querystring-es3-0.2.0.tgz",
      "integrity": "sha512-YODXTP5RSWoSsx4Dyqql8/akWHprR7hQhIbp0STp7JRjWKxwR1vZtVtREXcI3qRh1Jsi5lm15Q/y0GO1OvxEIA=="
    },
    "readable-stream": {
      "version": "1.1.14",
      "resolved": "https://registry.npmjs.org/readable-stream/-/readable-stream-1.1.14.tgz",
      "integrity": "sha512-+MeVjFf4L44XUkhM1eYbD8fyEsxcV81pqMSR5gblfcLCHfZvbrqy4/qYHE+/R5HoBUT11WV5O08Cr1n3YXkWVQ==",
      "requires": {
        "core-util-is": "~1.0.0",
        "inherits": "~2.0.1",
        "isarray": "0.0.1",
        "string_decoder": "~0.10.x"
      },
      "dependencies": {
        "string_decoder": {
          "version": "0.10.31",
          "resolved": "https://registry.npmjs.org/string_decoder/-/string_decoder-0.10.31.tgz",
          "integrity": "sha512-ev2QzSzWPYmy9GuqfIVildA4OdcGLeFZQrq5ys6RtiuF+RQQiZWr8TZNyAcuVXyQRYfEO+MsoB/1BuQVhOJuoQ=="
        }
      }
    },
    "resolve": {
      "version": "0.6.3",
      "resolved": "https://registry.npmjs.org/resolve/-/resolve-0.6.3.tgz",
      "integrity": "sha512-UHBY3viPlJKf85YijDUcikKX6tmF4SokIDp518ZDVT92JNDcG5uKIthaT/owt3Sar0lwtOafsQuwrg22/v2Dwg=="
    },
    "rfile": {
      "version": "1.0.0",
      "resolved": "https://registry.npmjs.org/rfile/-/rfile-1.0.0.tgz",
      "integrity": "sha512-aNeTpY8g6DYmqPvakau22B0SipQTskO8FtYXzn8qg4X4bN9ExIH8VAhq/L9w7N8HvESYeSSwk3e4GmW+rLLAxQ==",
      "requires": {
        "callsite": "~1.0.0",
        "resolve": "~0.3.0"
      },
      "dependencies": {
        "resolve": {
          "version": "0.3.1",
          "resolved": "https://registry.npmjs.org/resolve/-/resolve-0.3.1.tgz",
          "integrity": "sha512-mxx/I/wLjxtryDBtrrb0ZNzaYERVWaHpJ0W0Arm8N4l8b+jiX/U5yKcsj0zQpF9UuKN1uz80EUTOudON6OPuaQ=="
        }
      }
    },
    "ruglify": {
      "version": "1.0.0",
      "resolved": "https://registry.npmjs.org/ruglify/-/ruglify-1.0.0.tgz",
      "integrity": "sha512-XfRj1YJdm/gnZNvmpQ5L+2YGRHglDGMPgJRbitgCxC3GzKVQF/t+ij1aNcNg2AnEXGtLHJDwoSWrAq3TUm0EVg==",
      "requires": {
        "rfile": "~1.0",
        "uglify-js": "~2.2"
      },
      "dependencies": {
        "uglify-js": {
          "version": "2.2.5",
          "resolved": "https://registry.npmjs.org/uglify-js/-/uglify-js-2.2.5.tgz",
          "integrity": "sha512-viLk+/8G0zm2aKt1JJAVcz5J/5ytdiNaIsKgrre3yvSUjwVG6ZUujGH7E2TiPigZUwLYCe7eaIUEP2Zka2VJPA==",
          "requires": {
            "optimist": "~0.3.5",
            "source-map": "~0.1.7"
          }
        }
      }
    },
    "shallow-copy": {
      "version": "0.0.1",
      "resolved": "https://registry.npmjs.org/shallow-copy/-/shallow-copy-0.0.1.tgz",
      "integrity": "sha512-b6i4ZpVuUxB9h5gfCxPiusKYkqTMOjEbBs4wMaFbkfia4yFv92UKZ6Df8WXcKbn08JNL/abvg3FnMAOfakDvUw=="
    },
    "shell-quote": {
      "version": "0.0.1",
      "resolved": "https://registry.npmjs.org/shell-quote/-/shell-quote-0.0.1.tgz",
      "integrity": "sha512-uEWz7wa9vnCi9w4mvKZMgbHFk3DCKjLQlZcy0tJxUH4NwZjRrPPHXAYIEt2TmJs600Dcgj0Z3fZLZKVPVdGNbQ=="
    },
    "sigmund": {
      "version": "1.0.1",
      "resolved": "https://registry.npmjs.org/sigmund/-/sigmund-1.0.1.tgz",
      "integrity": "sha512-fCvEXfh6NWpm+YSuY2bpXb/VIihqWA6hLsgboC+0nl71Q7N7o2eaCW8mJa/NLvQhs6jpd3VZV4UiUQlV6+lc8g=="
    },
    "source-map": {
      "version": "0.1.43",
      "resolved": "https://registry.npmjs.org/source-map/-/source-map-0.1.43.tgz",
      "integrity": "sha512-VtCvB9SIQhk3aF6h+N85EaqIaBFIAfZ9Cu+NJHHVvc8BbEcnvDcFw6sqQ2dQrT6SlOrZq3tIvyD9+EGq/lJryQ==",
      "requires": {
        "amdefine": ">=0.0.4"
      }
    },
    "stream-browserify": {
      "version": "0.1.3",
      "resolved": "https://registry.npmjs.org/stream-browserify/-/stream-browserify-0.1.3.tgz",
      "integrity": "sha512-kSJCt45VQx5NFfb7pedoQPWSaIDilq74p7H6qlofTB1oj70QKA3OtO9bQbYSBFW40LbF+3/Lgp7rjZt8s+rdKw==",
      "requires": {
        "inherits": "~2.0.1",
        "process": "~0.5.1"
      },
      "dependencies": {
        "process": {
          "version": "0.5.2",
          "resolved": "https://registry.npmjs.org/process/-/process-0.5.2.tgz",
          "integrity": "sha512-oNpcutj+nYX2FjdEW7PGltWhXulAnFlM0My/k48L90hARCOJtvBbQXc/6itV2jDvU5xAAtonP+r6wmQgCcbAUA=="
        }
      }
    },
    "stream-combiner": {
      "version": "0.0.4",
      "resolved": "https://registry.npmjs.org/stream-combiner/-/stream-combiner-0.0.4.tgz",
      "integrity": "sha512-rT00SPnTVyRsaSz5zgSPma/aHSOic5U1prhYdRy5HS2kTZviFpmDgzilbtsJsxiroqACmayynDN/9VzIbX5DOw==",
      "requires": {
        "duplexer": "~0.1.1"
      }
    },
    "string_decoder": {
      "version": "0.0.1",
      "resolved": "https://registry.npmjs.org/string_decoder/-/string_decoder-0.0.1.tgz",
      "integrity": "sha512-nWi0z/o2vMFV7SJoJDEGqCUPfcpdC/hzCNnbHWhzt6SenBdJ3vVK0aeZuqnVVQ8fPci2h2WXIL6N3O+OJHJhZA=="
    },
    "subarg": {
      "version": "0.0.1",
      "resolved": "https://registry.npmjs.org/subarg/-/subarg-0.0.1.tgz",
      "integrity": "sha512-6HUY31sAPDdNBT4Gy1c2a2mfpzRiFPMOsR9eQkqO2ZMIVL11mPzywLgsSSGYJ+UVidEfds6XEsh4RnZiDbM60A==",
      "requires": {
        "minimist": "~0.0.7"
      }
    },
    "syntax-error": {
      "version": "1.1.6",
      "resolved": "https://registry.npmjs.org/syntax-error/-/syntax-error-1.1.6.tgz",
      "integrity": "sha512-PR60b6QEsF95amTCi4TwqwH+FRTLjg90DOHiHBgvtauFafhnc8sDT4fXnNEXAbke1cCqrrJGDbFRlwSmo50mOQ==",
      "requires": {
        "acorn": "^2.7.0"
      },
      "dependencies": {
        "acorn": {
          "version": "2.7.0",
          "resolved": "https://registry.npmjs.org/acorn/-/acorn-2.7.0.tgz",
          "integrity": "sha512-pXK8ez/pVjqFdAgBkF1YPVRacuLQ9EXBKaKWaeh58WNfMkCmZhOZzu+NtKSPD5PHmCCHheQ5cD29qM1K4QTxIg=="
        }
      }
    },
    "through": {
      "version": "2.3.8",
      "resolved": "https://registry.npmjs.org/through/-/through-2.3.8.tgz",
      "integrity": "sha512-w89qg7PI8wAdvX60bMDP+bFoD5Dvhm9oLheFp5O4a2QF0cSBGsBX4qZmadPMvVqlLJBBci+WqGGOAPvcDeNSVg=="
    },
    "through2": {
      "version": "0.4.2",
      "resolved": "https://registry.npmjs.org/through2/-/through2-0.4.2.tgz",
      "integrity": "sha512-45Llu+EwHKtAZYTPPVn3XZHBgakWMN3rokhEv5hu596XP+cNgplMg+Gj+1nmAvj+L0K7+N49zBKx5rah5u0QIQ==",
      "requires": {
        "readable-stream": "~1.0.17",
        "xtend": "~2.1.1"
      },
      "dependencies": {
        "readable-stream": {
          "version": "1.0.34",
          "resolved": "https://registry.npmjs.org/readable-stream/-/readable-stream-1.0.34.tgz",
          "integrity": "sha512-ok1qVCJuRkNmvebYikljxJA/UEsKwLl2nI1OmaqAu4/UE+h0wKCHok4XkL/gvi39OacXvw59RJUOFUkDib2rHg==",
          "requires": {
            "core-util-is": "~1.0.0",
            "inherits": "~2.0.1",
            "isarray": "0.0.1",
            "string_decoder": "~0.10.x"
          }
        },
        "string_decoder": {
          "version": "0.10.31",
          "resolved": "https://registry.npmjs.org/string_decoder/-/string_decoder-0.10.31.tgz",
          "integrity": "sha512-ev2QzSzWPYmy9GuqfIVildA4OdcGLeFZQrq5ys6RtiuF+RQQiZWr8TZNyAcuVXyQRYfEO+MsoB/1BuQVhOJuoQ=="
        }
      }
    },
    "timers-browserify": {
      "version": "1.0.3",
      "resolved": "https://registry.npmjs.org/timers-browserify/-/timers-browserify-1.0.3.tgz",
      "integrity": "sha512-cD8NV/kFxuEuDNT6Aq9mw1KYiWVCegdjSYDA0w9LFXd8bkj7JgMWH71b61dYoQbt48GTtG1eLzx7nSkWTYJhhw==",
      "requires": {
        "process": "~0.5.1"
      },
      "dependencies": {
        "process": {
          "version": "0.5.2",
          "resolved": "https://registry.npmjs.org/process/-/process-0.5.2.tgz",
          "integrity": "sha512-oNpcutj+nYX2FjdEW7PGltWhXulAnFlM0My/k48L90hARCOJtvBbQXc/6itV2jDvU5xAAtonP+r6wmQgCcbAUA=="
        }
      }
    },
    "tty-browserify": {
      "version": "0.0.1",
      "resolved": "https://registry.npmjs.org/tty-browserify/-/tty-browserify-0.0.1.tgz",
      "integrity": "sha512-C3TaO7K81YvjCgQH9Q1S3R3P3BtN3RIM8n+OvX4il1K1zgE8ZhI0op7kClgkxtutIE8hQrcrHBXvIheqKUUCxw=="
    },
    "typedarray": {
      "version": "0.0.7",
      "resolved": "https://registry.npmjs.org/typedarray/-/typedarray-0.0.7.tgz",
      "integrity": "sha512-ueeb9YybpjhivjbHP2LdFDAjbS948fGEPj+ACAMs4xCMmh72OCOMQWBQKlaN4ZNQ04yfLSDLSx1tGRIoWimObQ=="
    },
    "uglify-js": {
      "version": "2.4.24",
      "resolved": "https://registry.npmjs.org/uglify-js/-/uglify-js-2.4.24.tgz",
      "integrity": "sha512-tktIjwackfZLd893KGJmXc1hrRHH1vH9Po3xFh1XBjjeGAnN02xJ3SuoA+n1L29/ZaCA18KzCFlckS+vfPugiA==",
      "requires": {
        "async": "~0.2.6",
        "source-map": "0.1.34",
        "uglify-to-browserify": "~1.0.0",
        "yargs": "~3.5.4"
      },
      "dependencies": {
        "source-map": {
          "version": "0.1.34",
          "resolved": "https://registry.npmjs.org/source-map/-/source-map-0.1.34.tgz",
          "integrity": "sha512-yfCwDj0vR9RTwt3pEzglgb3ZgmcXHt6DjG3bjJvzPwTL+5zDQ2MhmSzAcTy0GTiQuCiriSWXvWM1/NhKdXuoQA==",
          "requires": {
            "amdefine": ">=0.0.4"
          }
        }
      }
    },
    "uglify-to-browserify": {
      "version": "1.0.2",
      "resolved": "https://registry.npmjs.org/uglify-to-browserify/-/uglify-to-browserify-1.0.2.tgz",
      "integrity": "sha512-vb2s1lYx2xBtUgy+ta+b2J/GLVUR+wmpINwHePmPRhOsIVCG2wDzKJ0n14GslH1BifsqVzSOwQhRaCAsZ/nI4Q=="
    },
    "umd": {
      "version": "2.0.0",
      "resolved": "https://registry.npmjs.org/umd/-/umd-2.0.0.tgz",
      "integrity": "sha512-SlVMYqNP+wxDKiH8Agjsmnuu/Rx1DJOLU7CzbJqUlzeoueskRj+tJlisLAdSoiMFvKj0tYwcl95xoA31+HSgHg==",
      "requires": {
        "rfile": "~1.0.0",
        "ruglify": "~1.0.0",
        "through": "~2.3.4",
        "uglify-js": "~2.4.0"
      }
    },
    "url": {
      "version": "0.7.9",
      "resolved": "https://registry.npmjs.org/url/-/url-0.7.9.tgz",
      "integrity": "sha512-/jp/XVvp2MdJaLWe116q//13iN9hu51rSEaRtft3yEYE1cAyGGqww7/4FrwN3I86rDbtC+BC9+m85+wUGRWlHg==",
      "requires": {
        "punycode": ">=1.0.0 <1.1.0",
        "querystring": ">=0.1.0 <0.2.0"
      },
      "dependencies": {
        "punycode": {
          "version": "1.0.0",
          "resolved": "https://registry.npmjs.org/punycode/-/punycode-1.0.0.tgz",
          "integrity": "sha512-H/lCVQ35bWuDIVJyWvEsoBokpjJX0OF1eeQzfc/JoNj8seA0tPU599UOGtlCJmP2oukCejCzOBUlvIVXePk6pA=="
        }
      }
    },
    "util": {
      "version": "0.10.4",
      "resolved": "https://registry.npmjs.org/util/-/util-0.10.4.tgz",
      "integrity": "sha512-0Pm9hTQ3se5ll1XihRic3FDIku70C+iHUdT/W926rSgHV5QgXsYbKZN8MSC3tJtSkhuROzvsQjAaFENRXr+19A==",
      "requires": {
        "inherits": "2.0.3"
      },
      "dependencies": {
        "inherits": {
          "version": "2.0.3",
          "resolved": "https://registry.npmjs.org/inherits/-/inherits-2.0.3.tgz",
          "integrity": "sha512-x00IRNXNy63jwGkJmzPigoySHbaqpNuzKbBOmzK+g2OdZpQ9w+sxCN+VSB3ja7IAge2OP2qpfxTjeNcyjmW1uw=="
        }
      }
    },
    "vm-browserify": {
      "version": "0.0.4",
      "resolved": "https://registry.npmjs.org/vm-browserify/-/vm-browserify-0.0.4.tgz",
      "integrity": "sha512-NyZNR3WDah+NPkjh/YmhuWSsT4a0mF0BJYgUmvrJ70zxjTXh5Y2Asobxlh0Nfs0PCFB5FVpRJft7NozAWFMwLQ==",
      "requires": {
        "indexof": "0.0.1"
      }
    },
    "window-size": {
      "version": "0.1.0",
      "resolved": "https://registry.npmjs.org/window-size/-/window-size-0.1.0.tgz",
      "integrity": "sha512-1pTPQDKTdd61ozlKGNCjhNRd+KPmgLSGa3mZTHoOliaGcESD8G1PXhh7c1fgiPjVbNVfgy2Faw4BI8/m0cC8Mg=="
    },
    "wordwrap": {
      "version": "0.0.3",
      "resolved": "https://registry.npmjs.org/wordwrap/-/wordwrap-0.0.3.tgz",
      "integrity": "sha512-1tMA907+V4QmxV7dbRvb4/8MaRALK6q9Abid3ndMYnbyo8piisCmeONVqVSXqQA3KaP4SLt5b7ud6E2sqP8TFw=="
    },
    "xtend": {
      "version": "2.1.2",
      "resolved": "https://registry.npmjs.org/xtend/-/xtend-2.1.2.tgz",
      "integrity": "sha512-vMNKzr2rHP9Dp/e1NQFnLQlwlhp9L/LfvnsVdHxN1f+uggyVI3i08uD14GPvCToPkdsRfyPqIyYGmIk58V98ZQ==",
      "requires": {
        "object-keys": "~0.4.0"
      }
    },
    "yargs": {
      "version": "3.5.4",
      "resolved": "https://registry.npmjs.org/yargs/-/yargs-3.5.4.tgz",
      "integrity": "sha512-5j382E4xQSs71p/xZQsU1PtRA2HXPAjX0E0DkoGLxwNASMOKX6A9doV1NrZmj85u2Pjquz402qonBzz/yLPbPA==",
      "requires": {
        "camelcase": "^1.0.2",
        "decamelize": "^1.0.0",
        "window-size": "0.1.0",
        "wordwrap": "0.0.2"
      },
      "dependencies": {
        "wordwrap": {
          "version": "0.0.2",
          "resolved": "https://registry.npmjs.org/wordwrap/-/wordwrap-0.0.2.tgz",
          "integrity": "sha512-xSBsCeh+g+dinoBv3GAOWM4LcVVO68wLXRanibtBSdUvkGWQRGeE9P7IwU9EmDDi4jA6L44lz15CGMwdw9N5+Q=="
        }
      }
    }
  }
}
